// !$*UTF8*$!
{
	archiveVersion = 1;
	classes = {
	};
	objectVersion = 46;
	objects = {

/* Begin PBXBuildFile section */
		92B07807695BA689C1F2C71B /* Pods.framework in Frameworks */ = {isa = PBXBuildFile; fileRef = D3B85FAB8E7C99013BFC698D /* Pods.framework */; };
		F43FBD471C1D0DEB0031825F /* CoreLocation.framework in Frameworks */ = {isa = PBXBuildFile; fileRef = F43FBD461C1D0DEB0031825F /* CoreLocation.framework */; };
		F43FBD491C1D0DEF0031825F /* CoreMotion.framework in Frameworks */ = {isa = PBXBuildFile; fileRef = F43FBD481C1D0DEF0031825F /* CoreMotion.framework */; };
		F4A49F981C755F8F0059A7C7 /* NSError+Custom.swift in Sources */ = {isa = PBXBuildFile; fileRef = F4A49F681C755F8F0059A7C7 /* NSError+Custom.swift */; };
		F4A49F991C755F8F0059A7C7 /* NSURL+Open.swift in Sources */ = {isa = PBXBuildFile; fileRef = F4A49F691C755F8F0059A7C7 /* NSURL+Open.swift */; };
		F4A49F9A1C755F8F0059A7C7 /* NSURL+Query.swift in Sources */ = {isa = PBXBuildFile; fileRef = F4A49F6A1C755F8F0059A7C7 /* NSURL+Query.swift */; };
		F4A49F9B1C755F8F0059A7C7 /* String+Appending.swift in Sources */ = {isa = PBXBuildFile; fileRef = F4A49F6B1C755F8F0059A7C7 /* String+Appending.swift */; };
		F4A49F9C1C755F8F0059A7C7 /* String+Format.swift in Sources */ = {isa = PBXBuildFile; fileRef = F4A49F6C1C755F8F0059A7C7 /* String+Format.swift */; };
		F4A49F9D1C755F8F0059A7C7 /* String+Validation.swift in Sources */ = {isa = PBXBuildFile; fileRef = F4A49F6D1C755F8F0059A7C7 /* String+Validation.swift */; };
		F4A49F9E1C755F8F0059A7C7 /* UIColor+Custom.swift in Sources */ = {isa = PBXBuildFile; fileRef = F4A49F6E1C755F8F0059A7C7 /* UIColor+Custom.swift */; };
		F4A49F9F1C755F8F0059A7C7 /* UIImage+Blend.swift in Sources */ = {isa = PBXBuildFile; fileRef = F4A49F6F1C755F8F0059A7C7 /* UIImage+Blend.swift */; };
		F4A49FA01C755F8F0059A7C7 /* UIImage+Filter.swift in Sources */ = {isa = PBXBuildFile; fileRef = F4A49F701C755F8F0059A7C7 /* UIImage+Filter.swift */; };
		F4A49FA11C755F8F0059A7C7 /* UILabel+Attributes.swift in Sources */ = {isa = PBXBuildFile; fileRef = F4A49F711C755F8F0059A7C7 /* UILabel+Attributes.swift */; };
		F4A49FA21C755F8F0059A7C7 /* UIView+Activate.swift in Sources */ = {isa = PBXBuildFile; fileRef = F4A49F721C755F8F0059A7C7 /* UIView+Activate.swift */; };
		F4A49FA31C755F8F0059A7C7 /* UIView+Frame.swift in Sources */ = {isa = PBXBuildFile; fileRef = F4A49F731C755F8F0059A7C7 /* UIView+Frame.swift */; };
		F4A49FA41C755F8F0059A7C7 /* RequestBase.swift in Sources */ = {isa = PBXBuildFile; fileRef = F4A49F761C755F8F0059A7C7 /* RequestBase.swift */; };
		F4A49FA51C755F8F0059A7C7 /* Responsible.swift in Sources */ = {isa = PBXBuildFile; fileRef = F4A49F771C755F8F0059A7C7 /* Responsible.swift */; };
		F4A49FA61C755F8F0059A7C7 /* BaseViewController.swift in Sources */ = {isa = PBXBuildFile; fileRef = F4A49F7A1C755F8F0059A7C7 /* BaseViewController.swift */; };
		F4A49FA71C755F8F0059A7C7 /* LoadingView.swift in Sources */ = {isa = PBXBuildFile; fileRef = F4A49F7C1C755F8F0059A7C7 /* LoadingView.swift */; };
		F4A49FA81C755F8F0059A7C7 /* BaseTableView.swift in Sources */ = {isa = PBXBuildFile; fileRef = F4A49F7E1C755F8F0059A7C7 /* BaseTableView.swift */; };
		F4A49FA91C755F8F0059A7C7 /* BaseTableViewCell.swift in Sources */ = {isa = PBXBuildFile; fileRef = F4A49F7F1C755F8F0059A7C7 /* BaseTableViewCell.swift */; };
		F4A49FAA1C755F8F0059A7C7 /* AlphaMaskView.swift in Sources */ = {isa = PBXBuildFile; fileRef = F4A49F811C755F8F0059A7C7 /* AlphaMaskView.swift */; };
		F4A49FAB1C755F8F0059A7C7 /* BaseWebView.swift in Sources */ = {isa = PBXBuildFile; fileRef = F4A49F831C755F8F0059A7C7 /* BaseWebView.swift */; };
		F4A49FAC1C755F8F0059A7C7 /* Alert.swift in Sources */ = {isa = PBXBuildFile; fileRef = F4A49F851C755F8F0059A7C7 /* Alert.swift */; };
		F4A49FAD1C755F8F0059A7C7 /* AppInfoUtil.swift in Sources */ = {isa = PBXBuildFile; fileRef = F4A49F861C755F8F0059A7C7 /* AppInfoUtil.swift */; };
		F4A49FAE1C755F8F0059A7C7 /* DeviceInfo.swift in Sources */ = {isa = PBXBuildFile; fileRef = F4A49F871C755F8F0059A7C7 /* DeviceInfo.swift */; };
		F4A49FAF1C755F8F0059A7C7 /* FileUtil.swift in Sources */ = {isa = PBXBuildFile; fileRef = F4A49F881C755F8F0059A7C7 /* FileUtil.swift */; };
		F4A49FB01C755F8F0059A7C7 /* ImageUtil.swift in Sources */ = {isa = PBXBuildFile; fileRef = F4A49F891C755F8F0059A7C7 /* ImageUtil.swift */; };
		F4A49FB11C755F8F0059A7C7 /* LogUtil.swift in Sources */ = {isa = PBXBuildFile; fileRef = F4A49F8A1C755F8F0059A7C7 /* LogUtil.swift */; };
		F4A49FB21C755F8F0059A7C7 /* ShareUtil.swift in Sources */ = {isa = PBXBuildFile; fileRef = F4A49F8B1C755F8F0059A7C7 /* ShareUtil.swift */; };
		F4A49FB31C755F8F0059A7C7 /* LocationManager.swift in Sources */ = {isa = PBXBuildFile; fileRef = F4A49F8D1C755F8F0059A7C7 /* LocationManager.swift */; };
		F4A49FB41C755F8F0059A7C7 /* MotionManager.swift in Sources */ = {isa = PBXBuildFile; fileRef = F4A49F8F1C755F8F0059A7C7 /* MotionManager.swift */; };
		F4A49FB51C755F8F0059A7C7 /* CGPoint+Vector.swift in Sources */ = {isa = PBXBuildFile; fileRef = F4A49F911C755F8F0059A7C7 /* CGPoint+Vector.swift */; };
		F4A49FB61C755F8F0059A7C7 /* Circumference.swift in Sources */ = {isa = PBXBuildFile; fileRef = F4A49F921C755F8F0059A7C7 /* Circumference.swift */; };
		F4A49FB71C755F8F0059A7C7 /* Compare.swift in Sources */ = {isa = PBXBuildFile; fileRef = F4A49F931C755F8F0059A7C7 /* Compare.swift */; };
		F4A49FB81C755F8F0059A7C7 /* Easing.swift in Sources */ = {isa = PBXBuildFile; fileRef = F4A49F941C755F8F0059A7C7 /* Easing.swift */; };
		F4A49FB91C755F8F0059A7C7 /* RealmManager.swift in Sources */ = {isa = PBXBuildFile; fileRef = F4A49F961C755F8F0059A7C7 /* RealmManager.swift */; };
		F4A49FBA1C755F8F0059A7C7 /* RealmObject.swift in Sources */ = {isa = PBXBuildFile; fileRef = F4A49F971C755F8F0059A7C7 /* RealmObject.swift */; };
		F4F960A11BAD90EC00D48AF1 /* AppDelegate.swift in Sources */ = {isa = PBXBuildFile; fileRef = F4F960A01BAD90EC00D48AF1 /* AppDelegate.swift */; };
		F4F960A31BAD90EC00D48AF1 /* ExampleViewController.swift in Sources */ = {isa = PBXBuildFile; fileRef = F4F960A21BAD90EC00D48AF1 /* ExampleViewController.swift */; };
		F4F960A61BAD90EC00D48AF1 /* Main.storyboard in Resources */ = {isa = PBXBuildFile; fileRef = F4F960A41BAD90EC00D48AF1 /* Main.storyboard */; };
		F4F960A81BAD90EC00D48AF1 /* Assets.xcassets in Resources */ = {isa = PBXBuildFile; fileRef = F4F960A71BAD90EC00D48AF1 /* Assets.xcassets */; };
		F4F960AB1BAD90EC00D48AF1 /* LaunchScreen.storyboard in Resources */ = {isa = PBXBuildFile; fileRef = F4F960A91BAD90EC00D48AF1 /* LaunchScreen.storyboard */; };
/* End PBXBuildFile section */

/* Begin PBXFileReference section */
		3A7F27CC610C7CD6398158BE /* Pods.release.xcconfig */ = {isa = PBXFileReference; includeInIndex = 1; lastKnownFileType = text.xcconfig; name = Pods.release.xcconfig; path = "Pods/Target Support Files/Pods/Pods.release.xcconfig"; sourceTree = "<group>"; };
		7E086E1C9FB8A68F05184D16 /* Pods.debug.xcconfig */ = {isa = PBXFileReference; includeInIndex = 1; lastKnownFileType = text.xcconfig; name = Pods.debug.xcconfig; path = "Pods/Target Support Files/Pods/Pods.debug.xcconfig"; sourceTree = "<group>"; };
		D3B85FAB8E7C99013BFC698D /* Pods.framework */ = {isa = PBXFileReference; explicitFileType = wrapper.framework; includeInIndex = 0; path = Pods.framework; sourceTree = BUILT_PRODUCTS_DIR; };
		F43FBD461C1D0DEB0031825F /* CoreLocation.framework */ = {isa = PBXFileReference; lastKnownFileType = wrapper.framework; name = CoreLocation.framework; path = System/Library/Frameworks/CoreLocation.framework; sourceTree = SDKROOT; };
		F43FBD481C1D0DEF0031825F /* CoreMotion.framework */ = {isa = PBXFileReference; lastKnownFileType = wrapper.framework; name = CoreMotion.framework; path = System/Library/Frameworks/CoreMotion.framework; sourceTree = SDKROOT; };
		F4A49F681C755F8F0059A7C7 /* NSError+Custom.swift */ = {isa = PBXFileReference; fileEncoding = 4; lastKnownFileType = sourcecode.swift; path = "NSError+Custom.swift"; sourceTree = "<group>"; };
		F4A49F691C755F8F0059A7C7 /* NSURL+Open.swift */ = {isa = PBXFileReference; fileEncoding = 4; lastKnownFileType = sourcecode.swift; path = "NSURL+Open.swift"; sourceTree = "<group>"; };
		F4A49F6A1C755F8F0059A7C7 /* NSURL+Query.swift */ = {isa = PBXFileReference; fileEncoding = 4; lastKnownFileType = sourcecode.swift; path = "NSURL+Query.swift"; sourceTree = "<group>"; };
		F4A49F6B1C755F8F0059A7C7 /* String+Appending.swift */ = {isa = PBXFileReference; fileEncoding = 4; lastKnownFileType = sourcecode.swift; path = "String+Appending.swift"; sourceTree = "<group>"; };
		F4A49F6C1C755F8F0059A7C7 /* String+Format.swift */ = {isa = PBXFileReference; fileEncoding = 4; lastKnownFileType = sourcecode.swift; path = "String+Format.swift"; sourceTree = "<group>"; };
		F4A49F6D1C755F8F0059A7C7 /* String+Validation.swift */ = {isa = PBXFileReference; fileEncoding = 4; lastKnownFileType = sourcecode.swift; path = "String+Validation.swift"; sourceTree = "<group>"; };
		F4A49F6E1C755F8F0059A7C7 /* UIColor+Custom.swift */ = {isa = PBXFileReference; fileEncoding = 4; lastKnownFileType = sourcecode.swift; path = "UIColor+Custom.swift"; sourceTree = "<group>"; };
		F4A49F6F1C755F8F0059A7C7 /* UIImage+Blend.swift */ = {isa = PBXFileReference; fileEncoding = 4; lastKnownFileType = sourcecode.swift; path = "UIImage+Blend.swift"; sourceTree = "<group>"; };
		F4A49F701C755F8F0059A7C7 /* UIImage+Filter.swift */ = {isa = PBXFileReference; fileEncoding = 4; lastKnownFileType = sourcecode.swift; path = "UIImage+Filter.swift"; sourceTree = "<group>"; };
		F4A49F711C755F8F0059A7C7 /* UILabel+Attributes.swift */ = {isa = PBXFileReference; fileEncoding = 4; lastKnownFileType = sourcecode.swift; path = "UILabel+Attributes.swift"; sourceTree = "<group>"; };
		F4A49F721C755F8F0059A7C7 /* UIView+Activate.swift */ = {isa = PBXFileReference; fileEncoding = 4; lastKnownFileType = sourcecode.swift; path = "UIView+Activate.swift"; sourceTree = "<group>"; };
		F4A49F731C755F8F0059A7C7 /* UIView+Frame.swift */ = {isa = PBXFileReference; fileEncoding = 4; lastKnownFileType = sourcecode.swift; path = "UIView+Frame.swift"; sourceTree = "<group>"; };
		F4A49F761C755F8F0059A7C7 /* RequestBase.swift */ = {isa = PBXFileReference; fileEncoding = 4; lastKnownFileType = sourcecode.swift; path = RequestBase.swift; sourceTree = "<group>"; };
		F4A49F771C755F8F0059A7C7 /* Responsible.swift */ = {isa = PBXFileReference; fileEncoding = 4; lastKnownFileType = sourcecode.swift; path = Responsible.swift; sourceTree = "<group>"; };
		F4A49F7A1C755F8F0059A7C7 /* BaseViewController.swift */ = {isa = PBXFileReference; fileEncoding = 4; lastKnownFileType = sourcecode.swift; path = BaseViewController.swift; sourceTree = "<group>"; };
		F4A49F7C1C755F8F0059A7C7 /* LoadingView.swift */ = {isa = PBXFileReference; fileEncoding = 4; lastKnownFileType = sourcecode.swift; path = LoadingView.swift; sourceTree = "<group>"; };
		F4A49F7E1C755F8F0059A7C7 /* BaseTableView.swift */ = {isa = PBXFileReference; fileEncoding = 4; lastKnownFileType = sourcecode.swift; path = BaseTableView.swift; sourceTree = "<group>"; };
		F4A49F7F1C755F8F0059A7C7 /* BaseTableViewCell.swift */ = {isa = PBXFileReference; fileEncoding = 4; lastKnownFileType = sourcecode.swift; path = BaseTableViewCell.swift; sourceTree = "<group>"; };
		F4A49F811C755F8F0059A7C7 /* AlphaMaskView.swift */ = {isa = PBXFileReference; fileEncoding = 4; lastKnownFileType = sourcecode.swift; path = AlphaMaskView.swift; sourceTree = "<group>"; };
		F4A49F831C755F8F0059A7C7 /* BaseWebView.swift */ = {isa = PBXFileReference; fileEncoding = 4; lastKnownFileType = sourcecode.swift; path = BaseWebView.swift; sourceTree = "<group>"; };
		F4A49F851C755F8F0059A7C7 /* Alert.swift */ = {isa = PBXFileReference; fileEncoding = 4; lastKnownFileType = sourcecode.swift; path = Alert.swift; sourceTree = "<group>"; };
		F4A49F861C755F8F0059A7C7 /* AppInfoUtil.swift */ = {isa = PBXFileReference; fileEncoding = 4; lastKnownFileType = sourcecode.swift; path = AppInfoUtil.swift; sourceTree = "<group>"; };
		F4A49F871C755F8F0059A7C7 /* DeviceInfo.swift */ = {isa = PBXFileReference; fileEncoding = 4; lastKnownFileType = sourcecode.swift; path = DeviceInfo.swift; sourceTree = "<group>"; };
		F4A49F881C755F8F0059A7C7 /* FileUtil.swift */ = {isa = PBXFileReference; fileEncoding = 4; lastKnownFileType = sourcecode.swift; path = FileUtil.swift; sourceTree = "<group>"; };
		F4A49F891C755F8F0059A7C7 /* ImageUtil.swift */ = {isa = PBXFileReference; fileEncoding = 4; lastKnownFileType = sourcecode.swift; path = ImageUtil.swift; sourceTree = "<group>"; };
		F4A49F8A1C755F8F0059A7C7 /* LogUtil.swift */ = {isa = PBXFileReference; fileEncoding = 4; lastKnownFileType = sourcecode.swift; path = LogUtil.swift; sourceTree = "<group>"; };
		F4A49F8B1C755F8F0059A7C7 /* ShareUtil.swift */ = {isa = PBXFileReference; fileEncoding = 4; lastKnownFileType = sourcecode.swift; path = ShareUtil.swift; sourceTree = "<group>"; };
		F4A49F8D1C755F8F0059A7C7 /* LocationManager.swift */ = {isa = PBXFileReference; fileEncoding = 4; lastKnownFileType = sourcecode.swift; path = LocationManager.swift; sourceTree = "<group>"; };
		F4A49F8F1C755F8F0059A7C7 /* MotionManager.swift */ = {isa = PBXFileReference; fileEncoding = 4; lastKnownFileType = sourcecode.swift; path = MotionManager.swift; sourceTree = "<group>"; };
		F4A49F911C755F8F0059A7C7 /* CGPoint+Vector.swift */ = {isa = PBXFileReference; fileEncoding = 4; lastKnownFileType = sourcecode.swift; path = "CGPoint+Vector.swift"; sourceTree = "<group>"; };
		F4A49F921C755F8F0059A7C7 /* Circumference.swift */ = {isa = PBXFileReference; fileEncoding = 4; lastKnownFileType = sourcecode.swift; path = Circumference.swift; sourceTree = "<group>"; };
		F4A49F931C755F8F0059A7C7 /* Compare.swift */ = {isa = PBXFileReference; fileEncoding = 4; lastKnownFileType = sourcecode.swift; path = Compare.swift; sourceTree = "<group>"; };
		F4A49F941C755F8F0059A7C7 /* Easing.swift */ = {isa = PBXFileReference; fileEncoding = 4; lastKnownFileType = sourcecode.swift; path = Easing.swift; sourceTree = "<group>"; };
		F4A49F961C755F8F0059A7C7 /* RealmManager.swift */ = {isa = PBXFileReference; fileEncoding = 4; lastKnownFileType = sourcecode.swift; path = RealmManager.swift; sourceTree = "<group>"; };
		F4A49F971C755F8F0059A7C7 /* RealmObject.swift */ = {isa = PBXFileReference; fileEncoding = 4; lastKnownFileType = sourcecode.swift; path = RealmObject.swift; sourceTree = "<group>"; };
		F4F9609D1BAD90EC00D48AF1 /* TAKSwiftSupport.app */ = {isa = PBXFileReference; explicitFileType = wrapper.application; includeInIndex = 0; path = TAKSwiftSupport.app; sourceTree = BUILT_PRODUCTS_DIR; };
		F4F960A01BAD90EC00D48AF1 /* AppDelegate.swift */ = {isa = PBXFileReference; lastKnownFileType = sourcecode.swift; path = AppDelegate.swift; sourceTree = "<group>"; };
		F4F960A21BAD90EC00D48AF1 /* ExampleViewController.swift */ = {isa = PBXFileReference; lastKnownFileType = sourcecode.swift; path = ExampleViewController.swift; sourceTree = "<group>"; };
		F4F960A51BAD90EC00D48AF1 /* Base */ = {isa = PBXFileReference; lastKnownFileType = file.storyboard; name = Base; path = Base.lproj/Main.storyboard; sourceTree = "<group>"; };
		F4F960A71BAD90EC00D48AF1 /* Assets.xcassets */ = {isa = PBXFileReference; lastKnownFileType = folder.assetcatalog; path = Assets.xcassets; sourceTree = "<group>"; };
		F4F960AA1BAD90EC00D48AF1 /* Base */ = {isa = PBXFileReference; lastKnownFileType = file.storyboard; name = Base; path = Base.lproj/LaunchScreen.storyboard; sourceTree = "<group>"; };
		F4F960AC1BAD90EC00D48AF1 /* Info.plist */ = {isa = PBXFileReference; lastKnownFileType = text.plist.xml; path = Info.plist; sourceTree = "<group>"; };
/* End PBXFileReference section */

/* Begin PBXFrameworksBuildPhase section */
		F4F9609A1BAD90EC00D48AF1 /* Frameworks */ = {
			isa = PBXFrameworksBuildPhase;
			buildActionMask = 2147483647;
			files = (
				F43FBD491C1D0DEF0031825F /* CoreMotion.framework in Frameworks */,
				F43FBD471C1D0DEB0031825F /* CoreLocation.framework in Frameworks */,
				92B07807695BA689C1F2C71B /* Pods.framework in Frameworks */,
			);
			runOnlyForDeploymentPostprocessing = 0;
		};
/* End PBXFrameworksBuildPhase section */

/* Begin PBXGroup section */
		1B45422CCA894342B917C554 /* Frameworks */ = {
			isa = PBXGroup;
			children = (
				F43FBD481C1D0DEF0031825F /* CoreMotion.framework */,
				F43FBD461C1D0DEB0031825F /* CoreLocation.framework */,
				D3B85FAB8E7C99013BFC698D /* Pods.framework */,
			);
			name = Frameworks;
			sourceTree = "<group>";
		};
		95E1CD9F7014865186A98C99 /* Pods */ = {
			isa = PBXGroup;
			children = (
				7E086E1C9FB8A68F05184D16 /* Pods.debug.xcconfig */,
				3A7F27CC610C7CD6398158BE /* Pods.release.xcconfig */,
			);
			name = Pods;
			sourceTree = "<group>";
		};
		F461B41B1C27896E00DB4155 /* TAKSwiftSupport */ = {
			isa = PBXGroup;
			children = (
				F4A49F661C755F8F0059A7C7 /* Core */,
				F4A49F8C1C755F8F0059A7C7 /* CoreLocation */,
				F4A49F8E1C755F8F0059A7C7 /* CoreMotion */,
				F4A49F901C755F8F0059A7C7 /* Math */,
				F4A49F951C755F8F0059A7C7 /* Realm */,
			);
			name = TAKSwiftSupport;
			path = ../../TAKSwiftSupport;
			sourceTree = "<group>";
		};
		F4A49F661C755F8F0059A7C7 /* Core */ = {
			isa = PBXGroup;
			children = (
				F4A49F671C755F8F0059A7C7 /* Extension */,
				F4A49F741C755F8F0059A7C7 /* Model */,
				F4A49F781C755F8F0059A7C7 /* UI */,
				F4A49F841C755F8F0059A7C7 /* Util */,
			);
			path = Core;
			sourceTree = "<group>";
		};
		F4A49F671C755F8F0059A7C7 /* Extension */ = {
			isa = PBXGroup;
			children = (
				F4A49F681C755F8F0059A7C7 /* NSError+Custom.swift */,
				F4A49F691C755F8F0059A7C7 /* NSURL+Open.swift */,
				F4A49F6A1C755F8F0059A7C7 /* NSURL+Query.swift */,
				F4A49F6B1C755F8F0059A7C7 /* String+Appending.swift */,
				F4A49F6C1C755F8F0059A7C7 /* String+Format.swift */,
				F4A49F6D1C755F8F0059A7C7 /* String+Validation.swift */,
				F4A49F6E1C755F8F0059A7C7 /* UIColor+Custom.swift */,
				F4A49F6F1C755F8F0059A7C7 /* UIImage+Blend.swift */,
				F4A49F701C755F8F0059A7C7 /* UIImage+Filter.swift */,
				F4A49F711C755F8F0059A7C7 /* UILabel+Attributes.swift */,
				F4A49F721C755F8F0059A7C7 /* UIView+Activate.swift */,
				F4A49F731C755F8F0059A7C7 /* UIView+Frame.swift */,
			);
			path = Extension;
			sourceTree = "<group>";
		};
		F4A49F741C755F8F0059A7C7 /* Model */ = {
			isa = PBXGroup;
			children = (
				F4A49F751C755F8F0059A7C7 /* HttpRequest */,
			);
			path = Model;
			sourceTree = "<group>";
		};
		F4A49F751C755F8F0059A7C7 /* HttpRequest */ = {
			isa = PBXGroup;
			children = (
				F4A49F761C755F8F0059A7C7 /* RequestBase.swift */,
				F4A49F771C755F8F0059A7C7 /* Responsible.swift */,
			);
			path = HttpRequest;
			sourceTree = "<group>";
		};
		F4A49F781C755F8F0059A7C7 /* UI */ = {
			isa = PBXGroup;
			children = (
				F4A49F791C755F8F0059A7C7 /* Controller */,
				F4A49F7B1C755F8F0059A7C7 /* Loading */,
				F4A49F7D1C755F8F0059A7C7 /* TableView */,
				F4A49F801C755F8F0059A7C7 /* View */,
				F4A49F821C755F8F0059A7C7 /* WebView */,
			);
			path = UI;
			sourceTree = "<group>";
		};
		F4A49F791C755F8F0059A7C7 /* Controller */ = {
			isa = PBXGroup;
			children = (
				F4A49F7A1C755F8F0059A7C7 /* BaseViewController.swift */,
			);
			path = Controller;
			sourceTree = "<group>";
		};
		F4A49F7B1C755F8F0059A7C7 /* Loading */ = {
			isa = PBXGroup;
			children = (
				F4A49F7C1C755F8F0059A7C7 /* LoadingView.swift */,
			);
			path = Loading;
			sourceTree = "<group>";
		};
		F4A49F7D1C755F8F0059A7C7 /* TableView */ = {
			isa = PBXGroup;
			children = (
				F4A49F7E1C755F8F0059A7C7 /* BaseTableView.swift */,
				F4A49F7F1C755F8F0059A7C7 /* BaseTableViewCell.swift */,
			);
			path = TableView;
			sourceTree = "<group>";
		};
		F4A49F801C755F8F0059A7C7 /* View */ = {
			isa = PBXGroup;
			children = (
				F4A49F811C755F8F0059A7C7 /* AlphaMaskView.swift */,
			);
			path = View;
			sourceTree = "<group>";
		};
		F4A49F821C755F8F0059A7C7 /* WebView */ = {
			isa = PBXGroup;
			children = (
				F4A49F831C755F8F0059A7C7 /* BaseWebView.swift */,
			);
			path = WebView;
			sourceTree = "<group>";
		};
		F4A49F841C755F8F0059A7C7 /* Util */ = {
			isa = PBXGroup;
			children = (
				F4A49F851C755F8F0059A7C7 /* Alert.swift */,
				F4A49F861C755F8F0059A7C7 /* AppInfoUtil.swift */,
				F4A49F871C755F8F0059A7C7 /* DeviceInfo.swift */,
				F4A49F881C755F8F0059A7C7 /* FileUtil.swift */,
				F4A49F891C755F8F0059A7C7 /* ImageUtil.swift */,
				F4A49F8A1C755F8F0059A7C7 /* LogUtil.swift */,
				F4A49F8B1C755F8F0059A7C7 /* ShareUtil.swift */,
			);
			path = Util;
			sourceTree = "<group>";
		};
		F4A49F8C1C755F8F0059A7C7 /* CoreLocation */ = {
			isa = PBXGroup;
			children = (
				F4A49F8D1C755F8F0059A7C7 /* LocationManager.swift */,
			);
			path = CoreLocation;
			sourceTree = "<group>";
		};
		F4A49F8E1C755F8F0059A7C7 /* CoreMotion */ = {
			isa = PBXGroup;
			children = (
				F4A49F8F1C755F8F0059A7C7 /* MotionManager.swift */,
			);
			path = CoreMotion;
			sourceTree = "<group>";
		};
		F4A49F901C755F8F0059A7C7 /* Math */ = {
			isa = PBXGroup;
			children = (
				F4A49F911C755F8F0059A7C7 /* CGPoint+Vector.swift */,
				F4A49F921C755F8F0059A7C7 /* Circumference.swift */,
				F4A49F931C755F8F0059A7C7 /* Compare.swift */,
				F4A49F941C755F8F0059A7C7 /* Easing.swift */,
			);
			path = Math;
			sourceTree = "<group>";
		};
		F4A49F951C755F8F0059A7C7 /* Realm */ = {
			isa = PBXGroup;
			children = (
				F4A49F961C755F8F0059A7C7 /* RealmManager.swift */,
				F4A49F971C755F8F0059A7C7 /* RealmObject.swift */,
			);
			path = Realm;
			sourceTree = "<group>";
		};
		F4F960941BAD90EC00D48AF1 = {
			isa = PBXGroup;
			children = (
				F4F9609F1BAD90EC00D48AF1 /* TAKSwiftSupport */,
				F4F9609E1BAD90EC00D48AF1 /* Products */,
				95E1CD9F7014865186A98C99 /* Pods */,
				1B45422CCA894342B917C554 /* Frameworks */,
			);
			sourceTree = "<group>";
		};
		F4F9609E1BAD90EC00D48AF1 /* Products */ = {
			isa = PBXGroup;
			children = (
				F4F9609D1BAD90EC00D48AF1 /* TAKSwiftSupport.app */,
			);
			name = Products;
			sourceTree = "<group>";
		};
		F4F9609F1BAD90EC00D48AF1 /* TAKSwiftSupport */ = {
			isa = PBXGroup;
			children = (
				F4F960A01BAD90EC00D48AF1 /* AppDelegate.swift */,
				F4F960A21BAD90EC00D48AF1 /* ExampleViewController.swift */,
				F4F960A41BAD90EC00D48AF1 /* Main.storyboard */,
				F4F960A71BAD90EC00D48AF1 /* Assets.xcassets */,
				F4F960A91BAD90EC00D48AF1 /* LaunchScreen.storyboard */,
				F4F960AC1BAD90EC00D48AF1 /* Info.plist */,
				F461B41B1C27896E00DB4155 /* TAKSwiftSupport */,
			);
			path = TAKSwiftSupport;
			sourceTree = "<group>";
		};
/* End PBXGroup section */

/* Begin PBXNativeTarget section */
		F4F9609C1BAD90EC00D48AF1 /* TAKSwiftSupport */ = {
			isa = PBXNativeTarget;
			buildConfigurationList = F4F960AF1BAD90EC00D48AF1 /* Build configuration list for PBXNativeTarget "TAKSwiftSupport" */;
			buildPhases = (
				FF39E62844B312F69642E063 /* Check Pods Manifest.lock */,
				F4F960991BAD90EC00D48AF1 /* Sources */,
				F4F9609A1BAD90EC00D48AF1 /* Frameworks */,
				F4F9609B1BAD90EC00D48AF1 /* Resources */,
				DB8FD58F052A95E8B903F021 /* Embed Pods Frameworks */,
				271799CF2580F46DA5A965F0 /* Copy Pods Resources */,
			);
			buildRules = (
			);
			dependencies = (
			);
			name = TAKSwiftSupport;
			productName = TAKSwiftSupport;
			productReference = F4F9609D1BAD90EC00D48AF1 /* TAKSwiftSupport.app */;
			productType = "com.apple.product-type.application";
		};
/* End PBXNativeTarget section */

/* Begin PBXProject section */
		F4F960951BAD90EC00D48AF1 /* Project object */ = {
			isa = PBXProject;
			attributes = {
				LastUpgradeCheck = 0700;
				ORGANIZATIONNAME = TakuNishimura;
				TargetAttributes = {
					F4F9609C1BAD90EC00D48AF1 = {
						CreatedOnToolsVersion = 7.0;
					};
				};
			};
			buildConfigurationList = F4F960981BAD90EC00D48AF1 /* Build configuration list for PBXProject "TAKSwiftSupport" */;
			compatibilityVersion = "Xcode 3.2";
			developmentRegion = English;
			hasScannedForEncodings = 0;
			knownRegions = (
				en,
				Base,
			);
			mainGroup = F4F960941BAD90EC00D48AF1;
			productRefGroup = F4F9609E1BAD90EC00D48AF1 /* Products */;
			projectDirPath = "";
			projectRoot = "";
			targets = (
				F4F9609C1BAD90EC00D48AF1 /* TAKSwiftSupport */,
			);
		};
/* End PBXProject section */

/* Begin PBXResourcesBuildPhase section */
		F4F9609B1BAD90EC00D48AF1 /* Resources */ = {
			isa = PBXResourcesBuildPhase;
			buildActionMask = 2147483647;
			files = (
				F4F960AB1BAD90EC00D48AF1 /* LaunchScreen.storyboard in Resources */,
				F4F960A81BAD90EC00D48AF1 /* Assets.xcassets in Resources */,
				F4F960A61BAD90EC00D48AF1 /* Main.storyboard in Resources */,
			);
			runOnlyForDeploymentPostprocessing = 0;
		};
/* End PBXResourcesBuildPhase section */

/* Begin PBXShellScriptBuildPhase section */
		271799CF2580F46DA5A965F0 /* Copy Pods Resources */ = {
			isa = PBXShellScriptBuildPhase;
			buildActionMask = 2147483647;
			files = (
			);
			inputPaths = (
			);
			name = "Copy Pods Resources";
			outputPaths = (
			);
			runOnlyForDeploymentPostprocessing = 0;
			shellPath = /bin/sh;
			shellScript = "\"${SRCROOT}/Pods/Target Support Files/Pods/Pods-resources.sh\"\n";
			showEnvVarsInLog = 0;
		};
		DB8FD58F052A95E8B903F021 /* Embed Pods Frameworks */ = {
			isa = PBXShellScriptBuildPhase;
			buildActionMask = 2147483647;
			files = (
			);
			inputPaths = (
			);
			name = "Embed Pods Frameworks";
			outputPaths = (
			);
			runOnlyForDeploymentPostprocessing = 0;
			shellPath = /bin/sh;
			shellScript = "\"${SRCROOT}/Pods/Target Support Files/Pods/Pods-frameworks.sh\"\n";
			showEnvVarsInLog = 0;
		};
		FF39E62844B312F69642E063 /* Check Pods Manifest.lock */ = {
			isa = PBXShellScriptBuildPhase;
			buildActionMask = 2147483647;
			files = (
			);
			inputPaths = (
			);
			name = "Check Pods Manifest.lock";
			outputPaths = (
			);
			runOnlyForDeploymentPostprocessing = 0;
			shellPath = /bin/sh;
			shellScript = "diff \"${PODS_ROOT}/../Podfile.lock\" \"${PODS_ROOT}/Manifest.lock\" > /dev/null\nif [[ $? != 0 ]] ; then\n    cat << EOM\nerror: The sandbox is not in sync with the Podfile.lock. Run 'pod install' or update your CocoaPods installation.\nEOM\n    exit 1\nfi\n";
			showEnvVarsInLog = 0;
		};
/* End PBXShellScriptBuildPhase section */

/* Begin PBXSourcesBuildPhase section */
		F4F960991BAD90EC00D48AF1 /* Sources */ = {
			isa = PBXSourcesBuildPhase;
			buildActionMask = 2147483647;
			files = (
				F4A49FBA1C755F8F0059A7C7 /* RealmObject.swift in Sources */,
				F4A49FB81C755F8F0059A7C7 /* Easing.swift in Sources */,
				F4A49F9C1C755F8F0059A7C7 /* String+Format.swift in Sources */,
				F4A49FB51C755F8F0059A7C7 /* CGPoint+Vector.swift in Sources */,
				F4A49F991C755F8F0059A7C7 /* NSURL+Open.swift in Sources */,
				F4A49FB31C755F8F0059A7C7 /* LocationManager.swift in Sources */,
				F4A49FB91C755F8F0059A7C7 /* RealmManager.swift in Sources */,
				F4A49FA51C755F8F0059A7C7 /* Responsible.swift in Sources */,
				F4A49FAC1C755F8F0059A7C7 /* Alert.swift in Sources */,
				F4A49FAA1C755F8F0059A7C7 /* AlphaMaskView.swift in Sources */,
				F4A49F9E1C755F8F0059A7C7 /* UIColor+Custom.swift in Sources */,
				F4A49FB41C755F8F0059A7C7 /* MotionManager.swift in Sources */,
				F4A49F9B1C755F8F0059A7C7 /* String+Appending.swift in Sources */,
				F4A49FB61C755F8F0059A7C7 /* Circumference.swift in Sources */,
				F4A49FA31C755F8F0059A7C7 /* UIView+Frame.swift in Sources */,
				F4A49F9A1C755F8F0059A7C7 /* NSURL+Query.swift in Sources */,
				F4A49FB01C755F8F0059A7C7 /* ImageUtil.swift in Sources */,
				F4A49FA61C755F8F0059A7C7 /* BaseViewController.swift in Sources */,
				F4A49FB21C755F8F0059A7C7 /* ShareUtil.swift in Sources */,
				F4A49FA91C755F8F0059A7C7 /* BaseTableViewCell.swift in Sources */,
				F4A49FA41C755F8F0059A7C7 /* RequestBase.swift in Sources */,
				F4A49F981C755F8F0059A7C7 /* NSError+Custom.swift in Sources */,
				F4A49FA01C755F8F0059A7C7 /* UIImage+Filter.swift in Sources */,
				F4F960A31BAD90EC00D48AF1 /* ExampleViewController.swift in Sources */,
				F4A49F9F1C755F8F0059A7C7 /* UIImage+Blend.swift in Sources */,
				F4A49FA21C755F8F0059A7C7 /* UIView+Activate.swift in Sources */,
				F4F960A11BAD90EC00D48AF1 /* AppDelegate.swift in Sources */,
				F4A49F9D1C755F8F0059A7C7 /* String+Validation.swift in Sources */,
				F4A49FA11C755F8F0059A7C7 /* UILabel+Attributes.swift in Sources */,
				F4A49FA71C755F8F0059A7C7 /* LoadingView.swift in Sources */,
				F4A49FAB1C755F8F0059A7C7 /* BaseWebView.swift in Sources */,
				F4A49FA81C755F8F0059A7C7 /* BaseTableView.swift in Sources */,
				F4A49FB11C755F8F0059A7C7 /* LogUtil.swift in Sources */,
				F4A49FAF1C755F8F0059A7C7 /* FileUtil.swift in Sources */,
				F4A49FAD1C755F8F0059A7C7 /* AppInfoUtil.swift in Sources */,
				F4A49FAE1C755F8F0059A7C7 /* DeviceInfo.swift in Sources */,
				F4A49FB71C755F8F0059A7C7 /* Compare.swift in Sources */,
			);
			runOnlyForDeploymentPostprocessing = 0;
		};
/* End PBXSourcesBuildPhase section */

/* Begin PBXVariantGroup section */
		F4F960A41BAD90EC00D48AF1 /* Main.storyboard */ = {
			isa = PBXVariantGroup;
			children = (
				F4F960A51BAD90EC00D48AF1 /* Base */,
			);
			name = Main.storyboard;
			sourceTree = "<group>";
		};
		F4F960A91BAD90EC00D48AF1 /* LaunchScreen.storyboard */ = {
			isa = PBXVariantGroup;
			children = (
				F4F960AA1BAD90EC00D48AF1 /* Base */,
			);
			name = LaunchScreen.storyboard;
			sourceTree = "<group>";
		};
/* End PBXVariantGroup section */

/* Begin XCBuildConfiguration section */
		F4F960AD1BAD90EC00D48AF1 /* Debug */ = {
			isa = XCBuildConfiguration;
			buildSettings = {
				ALWAYS_SEARCH_USER_PATHS = NO;
				CLANG_CXX_LANGUAGE_STANDARD = "gnu++0x";
				CLANG_CXX_LIBRARY = "libc++";
				CLANG_ENABLE_MODULES = YES;
				CLANG_ENABLE_OBJC_ARC = YES;
				CLANG_WARN_BOOL_CONVERSION = YES;
				CLANG_WARN_CONSTANT_CONVERSION = YES;
				CLANG_WARN_DIRECT_OBJC_ISA_USAGE = YES_ERROR;
				CLANG_WARN_EMPTY_BODY = YES;
				CLANG_WARN_ENUM_CONVERSION = YES;
				CLANG_WARN_INT_CONVERSION = YES;
				CLANG_WARN_OBJC_ROOT_CLASS = YES_ERROR;
				CLANG_WARN_UNREACHABLE_CODE = YES;
				CLANG_WARN__DUPLICATE_METHOD_MATCH = YES;
				CODE_SIGN_IDENTITY = "iPhone Developer";
				"CODE_SIGN_IDENTITY[sdk=iphoneos*]" = "iPhone Developer";
				COPY_PHASE_STRIP = NO;
				DEBUG_INFORMATION_FORMAT = dwarf;
				ENABLE_BITCODE = NO;
				ENABLE_STRICT_OBJC_MSGSEND = YES;
				ENABLE_TESTABILITY = YES;
				GCC_C_LANGUAGE_STANDARD = gnu99;
				GCC_DYNAMIC_NO_PIC = NO;
				GCC_NO_COMMON_BLOCKS = YES;
				GCC_OPTIMIZATION_LEVEL = 0;
				GCC_PREPROCESSOR_DEFINITIONS = (
					"DEBUG=1",
					"$(inherited)",
				);
				GCC_WARN_64_TO_32_BIT_CONVERSION = YES;
				GCC_WARN_ABOUT_RETURN_TYPE = YES_ERROR;
				GCC_WARN_UNDECLARED_SELECTOR = YES;
				GCC_WARN_UNINITIALIZED_AUTOS = YES_AGGRESSIVE;
				GCC_WARN_UNUSED_FUNCTION = YES;
				GCC_WARN_UNUSED_VARIABLE = YES;
				IPHONEOS_DEPLOYMENT_TARGET = 8.0;
				MTL_ENABLE_DEBUG_INFO = YES;
				ONLY_ACTIVE_ARCH = YES;
				OTHER_SWIFT_FLAGS = "-D DEBUG";
				SDKROOT = iphoneos;
				SWIFT_OPTIMIZATION_LEVEL = "-Onone";
			};
			name = Debug;
		};
		F4F960AE1BAD90EC00D48AF1 /* Release */ = {
			isa = XCBuildConfiguration;
			buildSettings = {
				ALWAYS_SEARCH_USER_PATHS = NO;
				CLANG_CXX_LANGUAGE_STANDARD = "gnu++0x";
				CLANG_CXX_LIBRARY = "libc++";
				CLANG_ENABLE_MODULES = YES;
				CLANG_ENABLE_OBJC_ARC = YES;
				CLANG_WARN_BOOL_CONVERSION = YES;
				CLANG_WARN_CONSTANT_CONVERSION = YES;
				CLANG_WARN_DIRECT_OBJC_ISA_USAGE = YES_ERROR;
				CLANG_WARN_EMPTY_BODY = YES;
				CLANG_WARN_ENUM_CONVERSION = YES;
				CLANG_WARN_INT_CONVERSION = YES;
				CLANG_WARN_OBJC_ROOT_CLASS = YES_ERROR;
				CLANG_WARN_UNREACHABLE_CODE = YES;
				CLANG_WARN__DUPLICATE_METHOD_MATCH = YES;
				CODE_SIGN_IDENTITY = "iPhone Distribution";
				"CODE_SIGN_IDENTITY[sdk=iphoneos*]" = "iPhone Distribution";
				COPY_PHASE_STRIP = NO;
				DEBUG_INFORMATION_FORMAT = "dwarf-with-dsym";
				ENABLE_BITCODE = NO;
				ENABLE_NS_ASSERTIONS = NO;
				ENABLE_STRICT_OBJC_MSGSEND = YES;
				GCC_C_LANGUAGE_STANDARD = gnu99;
				GCC_NO_COMMON_BLOCKS = YES;
				GCC_WARN_64_TO_32_BIT_CONVERSION = YES;
				GCC_WARN_ABOUT_RETURN_TYPE = YES_ERROR;
				GCC_WARN_UNDECLARED_SELECTOR = YES;
				GCC_WARN_UNINITIALIZED_AUTOS = YES_AGGRESSIVE;
				GCC_WARN_UNUSED_FUNCTION = YES;
				GCC_WARN_UNUSED_VARIABLE = YES;
				IPHONEOS_DEPLOYMENT_TARGET = 8.0;
				MTL_ENABLE_DEBUG_INFO = NO;
				SDKROOT = iphoneos;
				VALIDATE_PRODUCT = YES;
			};
			name = Release;
		};
		F4F960B01BAD90EC00D48AF1 /* Debug */ = {
			isa = XCBuildConfiguration;
			baseConfigurationReference = 7E086E1C9FB8A68F05184D16 /* Pods.debug.xcconfig */;
			buildSettings = {
				ASSETCATALOG_COMPILER_APPICON_NAME = AppIcon;
				CODE_SIGN_IDENTITY = "iPhone Developer";
				INFOPLIST_FILE = TAKSwiftSupport/Info.plist;
				LD_RUNPATH_SEARCH_PATHS = "$(inherited) @executable_path/Frameworks";
				OTHER_SWIFT_FLAGS = "$(inherited) \"-D\" \"COCOAPODS\"";
				PRODUCT_BUNDLE_IDENTIFIER = com.taktem.TAKSwiftSupport;
				PRODUCT_NAME = "$(TARGET_NAME)";
			};
			name = Debug;
		};
		F4F960B11BAD90EC00D48AF1 /* Release */ = {
			isa = XCBuildConfiguration;
			baseConfigurationReference = 3A7F27CC610C7CD6398158BE /* Pods.release.xcconfig */;
			buildSettings = {
				ASSETCATALOG_COMPILER_APPICON_NAME = AppIcon;
				CODE_SIGN_IDENTITY = "iPhone Distribution";
				"CODE_SIGN_IDENTITY[sdk=iphoneos*]" = "iPhone Distribution";
				INFOPLIST_FILE = TAKSwiftSupport/Info.plist;
				LD_RUNPATH_SEARCH_PATHS = "$(inherited) @executable_path/Frameworks";
				OTHER_SWIFT_FLAGS = "$(inherited) \"-D\" \"COCOAPODS\"";
				PRODUCT_BUNDLE_IDENTIFIER = com.taktem.TAKSwiftSupport;
				PRODUCT_NAME = "$(TARGET_NAME)";
			};
			name = Release;
		};
/* End XCBuildConfiguration section */

/* Begin XCConfigurationList section */
		F4F960981BAD90EC00D48AF1 /* Build configuration list for PBXProject "TAKSwiftSupport" */ = {
			isa = XCConfigurationList;
			buildConfigurations = (
				F4F960AD1BAD90EC00D48AF1 /* Debug */,
				F4F960AE1BAD90EC00D48AF1 /* Release */,
			);
			defaultConfigurationIsVisible = 0;
			defaultConfigurationName = Release;
		};
		F4F960AF1BAD90EC00D48AF1 /* Build configuration list for PBXNativeTarget "TAKSwiftSupport" */ = {
			isa = XCConfigurationList;
			buildConfigurations = (
				F4F960B01BAD90EC00D48AF1 /* Debug */,
				F4F960B11BAD90EC00D48AF1 /* Release */,
			);
			defaultConfigurationIsVisible = 0;
			defaultConfigurationName = Release;
		};
/* End XCConfigurationList section */
	};
	rootObject = F4F960951BAD90EC00D48AF1 /* Project object */;
}
